
Microsoft Visual Studio Solution File, Format Version 12.00
# Visual Studio 15
VisualStudioVersion = 15.0.25807.0
MinimumVisualStudioVersion = 10.0.40219.1
Project("{2150E333-8FDC-42A3-9474-1A3956D46DE8}") = "Engine", "Engine", "{8DD4ECC4-3765-4DD3-8F5C-39C1A4E56649}"
EndProject
Project("{2150E333-8FDC-42A3-9474-1A3956D46DE8}") = "Games", "Games", "{5D7D6AA9-F773-4308-A054-BD7E2AFA3898}"
EndProject
Project("{8BC9CEB8-8B4A-11D0-8D11-00A0C91BC942}") = "UE4", "Intermediate\ProjectFiles\UE4.vcxproj", "{7BEBF22E-E87F-49F7-9431-BA53D1D3FC70}"
EndProject
Project("{8BC9CEB8-8B4A-11D0-8D11-00A0C91BC942}") = "S03_Building_Escape", "Intermediate\ProjectFiles\S03_Building_Escape.vcxproj", "{B39FF630-782B-4DB3-8DA0-F9A3CB1E5EC9}"
EndProject
Global
	GlobalSection(SolutionConfigurationPlatforms) = preSolution
		DebugGame Editor|HTML5 = DebugGame Editor|HTML5
		DebugGame Editor|Win32 = DebugGame Editor|Win32
		DebugGame Editor|Win64 = DebugGame Editor|Win64
		DebugGame|HTML5 = DebugGame|HTML5
		DebugGame|Win32 = DebugGame|Win32
		DebugGame|Win64 = DebugGame|Win64
		Development Editor|HTML5 = Development Editor|HTML5
		Development Editor|Win32 = Development Editor|Win32
		Development Editor|Win64 = Development Editor|Win64
		Development|HTML5 = Development|HTML5
		Development|Win32 = Development|Win32
		Development|Win64 = Development|Win64
		Shipping|HTML5 = Shipping|HTML5
		Shipping|Win32 = Shipping|Win32
		Shipping|Win64 = Shipping|Win64
	EndGlobalSection
	GlobalSection(ProjectConfigurationPlatforms) = postSolution
		{7BEBF22E-E87F-49F7-9431-BA53D1D3FC70}.DebugGame Editor|HTML5.ActiveCfg = BuiltWithUnrealBuildTool|Win32
		{7BEBF22E-E87F-49F7-9431-BA53D1D3FC70}.DebugGame Editor|HTML5.Build.0 = BuiltWithUnrealBuildTool|Win32
		{7BEBF22E-E87F-49F7-9431-BA53D1D3FC70}.DebugGame Editor|Win32.ActiveCfg = BuiltWithUnrealBuildTool|Win32
		{7BEBF22E-E87F-49F7-9431-BA53D1D3FC70}.DebugGame Editor|Win32.Build.0 = BuiltWithUnrealBuildTool|Win32
		{7BEBF22E-E87F-49F7-9431-BA53D1D3FC70}.DebugGame Editor|Win64.ActiveCfg = BuiltWithUnrealBuildTool|Win32
		{7BEBF22E-E87F-49F7-9431-BA53D1D3FC70}.DebugGame Editor|Win64.Build.0 = BuiltWithUnrealBuildTool|Win32
		{7BEBF22E-E87F-49F7-9431-BA53D1D3FC70}.DebugGame|HTML5.ActiveCfg = BuiltWithUnrealBuildTool|Win32
		{7BEBF22E-E87F-49F7-9431-BA53D1D3FC70}.DebugGame|HTML5.Build.0 = BuiltWithUnrealBuildTool|Win32
		{7BEBF22E-E87F-49F7-9431-BA53D1D3FC70}.DebugGame|Win32.ActiveCfg = BuiltWithUnrealBuildTool|Win32
		{7BEBF22E-E87F-49F7-9431-BA53D1D3FC70}.DebugGame|Win32.Build.0 = BuiltWithUnrealBuildTool|Win32
		{7BEBF22E-E87F-49F7-9431-BA53D1D3FC70}.DebugGame|Win64.ActiveCfg = BuiltWithUnrealBuildTool|Win32
		{7BEBF22E-E87F-49F7-9431-BA53D1D3FC70}.DebugGame|Win64.Build.0 = BuiltWithUnrealBuildTool|Win32
		{7BEBF22E-E87F-49F7-9431-BA53D1D3FC70}.Development Editor|HTML5.ActiveCfg = BuiltWithUnrealBuildTool|Win32
		{7BEBF22E-E87F-49F7-9431-BA53D1D3FC70}.Development Editor|HTML5.Build.0 = BuiltWithUnrealBuildTool|Win32
		{7BEBF22E-E87F-49F7-9431-BA53D1D3FC70}.Development Editor|Win32.ActiveCfg = BuiltWithUnrealBuildTool|Win32
		{7BEBF22E-E87F-49F7-9431-BA53D1D3FC70}.Development Editor|Win32.Build.0 = BuiltWithUnrealBuildTool|Win32
		{7BEBF22E-E87F-49F7-9431-BA53D1D3FC70}.Development Editor|Win64.ActiveCfg = BuiltWithUnrealBuildTool|Win32
		{7BEBF22E-E87F-49F7-9431-BA53D1D3FC70}.Development Editor|Win64.Build.0 = BuiltWithUnrealBuildTool|Win32
		{7BEBF22E-E87F-49F7-9431-BA53D1D3FC70}.Development|HTML5.ActiveCfg = BuiltWithUnrealBuildTool|Win32
		{7BEBF22E-E87F-49F7-9431-BA53D1D3FC70}.Development|HTML5.Build.0 = BuiltWithUnrealBuildTool|Win32
		{7BEBF22E-E87F-49F7-9431-BA53D1D3FC70}.Development|Win32.ActiveCfg = BuiltWithUnrealBuildTool|Win32
		{7BEBF22E-E87F-49F7-9431-BA53D1D3FC70}.Development|Win32.Build.0 = BuiltWithUnrealBuildTool|Win32
		{7BEBF22E-E87F-49F7-9431-BA53D1D3FC70}.Development|Win64.ActiveCfg = BuiltWithUnrealBuildTool|Win32
		{7BEBF22E-E87F-49F7-9431-BA53D1D3FC70}.Development|Win64.Build.0 = BuiltWithUnrealBuildTool|Win32
		{7BEBF22E-E87F-49F7-9431-BA53D1D3FC70}.Shipping|HTML5.ActiveCfg = BuiltWithUnrealBuildTool|Win32
		{7BEBF22E-E87F-49F7-9431-BA53D1D3FC70}.Shipping|HTML5.Build.0 = BuiltWithUnrealBuildTool|Win32
		{7BEBF22E-E87F-49F7-9431-BA53D1D3FC70}.Shipping|Win32.ActiveCfg = BuiltWithUnrealBuildTool|Win32
		{7BEBF22E-E87F-49F7-9431-BA53D1D3FC70}.Shipping|Win32.Build.0 = BuiltWithUnrealBuildTool|Win32
		{7BEBF22E-E87F-49F7-9431-BA53D1D3FC70}.Shipping|Win64.ActiveCfg = BuiltWithUnrealBuildTool|Win32
		{7BEBF22E-E87F-49F7-9431-BA53D1D3FC70}.Shipping|Win64.Build.0 = BuiltWithUnrealBuildTool|Win32
		{B39FF630-782B-4DB3-8DA0-F9A3CB1E5EC9}.DebugGame Editor|HTML5.ActiveCfg = HTML5_DebugGame_Editor|Win32
		{B39FF630-782B-4DB3-8DA0-F9A3CB1E5EC9}.DebugGame Editor|Win32.ActiveCfg = DebugGame_Editor|Win32
		{B39FF630-782B-4DB3-8DA0-F9A3CB1E5EC9}.DebugGame Editor|Win64.ActiveCfg = DebugGame_Editor|x64
		{B39FF630-782B-4DB3-8DA0-F9A3CB1E5EC9}.DebugGame Editor|Win64.Build.0 = DebugGame_Editor|x64
		{B39FF630-782B-4DB3-8DA0-F9A3CB1E5EC9}.DebugGame|HTML5.ActiveCfg = HTML5_DebugGame_Game|Win32
		{B39FF630-782B-4DB3-8DA0-F9A3CB1E5EC9}.DebugGame|HTML5.Build.0 = HTML5_DebugGame_Game|Win32
		{B39FF630-782B-4DB3-8DA0-F9A3CB1E5EC9}.DebugGame|Win32.ActiveCfg = DebugGame_Game|Win32
		{B39FF630-782B-4DB3-8DA0-F9A3CB1E5EC9}.DebugGame|Win32.Build.0 = DebugGame_Game|Win32
		{B39FF630-782B-4DB3-8DA0-F9A3CB1E5EC9}.DebugGame|Win64.ActiveCfg = DebugGame_Game|x64
		{B39FF630-782B-4DB3-8DA0-F9A3CB1E5EC9}.DebugGame|Win64.Build.0 = DebugGame_Game|x64
		{B39FF630-782B-4DB3-8DA0-F9A3CB1E5EC9}.Development Editor|HTML5.ActiveCfg = HTML5_Development_Editor|Win32
		{B39FF630-782B-4DB3-8DA0-F9A3CB1E5EC9}.Development Editor|Win32.ActiveCfg = Development_Editor|Win32
		{B39FF630-782B-4DB3-8DA0-F9A3CB1E5EC9}.Development Editor|Win64.ActiveCfg = Development_Editor|x64
		{B39FF630-782B-4DB3-8DA0-F9A3CB1E5EC9}.Development Editor|Win64.Build.0 = Development_Editor|x64
		{B39FF630-782B-4DB3-8DA0-F9A3CB1E5EC9}.Development|HTML5.ActiveCfg = HTML5_Development_Game|Win32
		{B39FF630-782B-4DB3-8DA0-F9A3CB1E5EC9}.Development|HTML5.Build.0 = HTML5_Development_Game|Win32
		{B39FF630-782B-4DB3-8DA0-F9A3CB1E5EC9}.Development|Win32.ActiveCfg = Development_Game|Win32
		{B39FF630-782B-4DB3-8DA0-F9A3CB1E5EC9}.Development|Win32.Build.0 = Development_Game|Win32
		{B39FF630-782B-4DB3-8DA0-F9A3CB1E5EC9}.Development|Win64.ActiveCfg = Development_Game|x64
		{B39FF630-782B-4DB3-8DA0-F9A3CB1E5EC9}.Development|Win64.Build.0 = Development_Game|x64
		{B39FF630-782B-4DB3-8DA0-F9A3CB1E5EC9}.Shipping|HTML5.ActiveCfg = HTML5_Shipping_Game|Win32
		{B39FF630-782B-4DB3-8DA0-F9A3CB1E5EC9}.Shipping|HTML5.Build.0 = HTML5_Shipping_Game|Win32
		{B39FF630-782B-4DB3-8DA0-F9A3CB1E5EC9}.Shipping|Win32.ActiveCfg = Shipping_Game|Win32
		{B39FF630-782B-4DB3-8DA0-F9A3CB1E5EC9}.Shipping|Win32.Build.0 = Shipping_Game|Win32
		{B39FF630-782B-4DB3-8DA0-F9A3CB1E5EC9}.Shipping|Win64.ActiveCfg = Shipping_Game|x64
		{B39FF630-782B-4DB3-8DA0-F9A3CB1E5EC9}.Shipping|Win64.Build.0 = Shipping_Game|x64
	EndGlobalSection
	GlobalSection(SolutionProperties) = preSolution
		HideSolutionNode = FALSE
	EndGlobalSection
	GlobalSection(NestedProjects) = preSolution
		{7BEBF22E-E87F-49F7-9431-BA53D1D3FC70} = {8DD4ECC4-3765-4DD3-8F5C-39C1A4E56649}
		{B39FF630-782B-4DB3-8DA0-F9A3CB1E5EC9} = {5D7D6AA9-F773-4308-A054-BD7E2AFA3898}
	EndGlobalSection
	GlobalSection(ExtensibilityGlobals) = postSolution
		SolutionGuid = {26D72537-7734-4CE2-A515-1424A45F0110}
	EndGlobalSection
EndGlobal
